// !$*UTF8*$!
{
	archiveVersion = 1;
	classes = {
	};
	objectVersion = 48;
	objects = {

/* Begin PBXBuildFile section */
		1119B75D201BD7550090E718 /* CoffeeListItem.swift in Sources */ = {isa = PBXBuildFile; fileRef = 1119B75C201BD7550090E718 /* CoffeeListItem.swift */; };
		116542692017D7E600EDE226 /* AppDelegate.swift in Sources */ = {isa = PBXBuildFile; fileRef = 116542682017D7E600EDE226 /* AppDelegate.swift */; };
		1165426E2017D7E600EDE226 /* Main.storyboard in Resources */ = {isa = PBXBuildFile; fileRef = 1165426C2017D7E600EDE226 /* Main.storyboard */; };
		116542702017D7E600EDE226 /* Assets.xcassets in Resources */ = {isa = PBXBuildFile; fileRef = 1165426F2017D7E600EDE226 /* Assets.xcassets */; };
		116542732017D7E600EDE226 /* LaunchScreen.storyboard in Resources */ = {isa = PBXBuildFile; fileRef = 116542712017D7E600EDE226 /* LaunchScreen.storyboard */; };
		1165427E2017D7E600EDE226 /* CovfefeTests.swift in Sources */ = {isa = PBXBuildFile; fileRef = 1165427D2017D7E600EDE226 /* CovfefeTests.swift */; };
		11654289201BCFDE00EDE226 /* UIView+IBInspectable.swift in Sources */ = {isa = PBXBuildFile; fileRef = 11654288201BCFDE00EDE226 /* UIView+IBInspectable.swift */; };
		11767A0B201DEAD8002D2031 /* CovfefeUser.swift in Sources */ = {isa = PBXBuildFile; fileRef = 11767A0A201DEAD8002D2031 /* CovfefeUser.swift */; };
		11767A0D201DF70F002D2031 /* DatabasePopulator.swift in Sources */ = {isa = PBXBuildFile; fileRef = 11767A0C201DF70E002D2031 /* DatabasePopulator.swift */; };
		11767A0F201DFCAF002D2031 /* CovfefeAuthViewController.swift in Sources */ = {isa = PBXBuildFile; fileRef = 11767A0E201DFCAF002D2031 /* CovfefeAuthViewController.swift */; };
		11767A11201DFF4C002D2031 /* CovfefeAuthViewModel.swift in Sources */ = {isa = PBXBuildFile; fileRef = 11767A10201DFF4C002D2031 /* CovfefeAuthViewModel.swift */; };
		11767A14201E0CE3002D2031 /* CovfefeAuthService.swift in Sources */ = {isa = PBXBuildFile; fileRef = 11767A13201E0CE3002D2031 /* CovfefeAuthService.swift */; };
		11767A16201E0F4E002D2031 /* CovfefeUserAuthService.swift in Sources */ = {isa = PBXBuildFile; fileRef = 11767A15201E0F4E002D2031 /* CovfefeUserAuthService.swift */; };
		11767A18201E0FB8002D2031 /* String+MD5.swift in Sources */ = {isa = PBXBuildFile; fileRef = 11767A17201E0FB8002D2031 /* String+MD5.swift */; };
		11767A1E201E141F002D2031 /* CovfefeAdminAuthService.swift in Sources */ = {isa = PBXBuildFile; fileRef = 11767A1D201E141F002D2031 /* CovfefeAdminAuthService.swift */; };
		11D7854E201C9CAE0045C036 /* CovfefeMenuViewController.swift in Sources */ = {isa = PBXBuildFile; fileRef = 11D7854D201C9CAE0045C036 /* CovfefeMenuViewController.swift */; };
		11D78550201C9EE60045C036 /* CovfefeMenuItemCell.swift in Sources */ = {isa = PBXBuildFile; fileRef = 11D7854F201C9EE60045C036 /* CovfefeMenuItemCell.swift */; };
		11D78552201CA0B20045C036 /* CovfefeMenuItemsCategoryControlCell.swift in Sources */ = {isa = PBXBuildFile; fileRef = 11D78551201CA0B20045C036 /* CovfefeMenuItemsCategoryControlCell.swift */; };
		11D78554201CB83E0045C036 /* CovfefeMenuModel.swift in Sources */ = {isa = PBXBuildFile; fileRef = 11D78553201CB83E0045C036 /* CovfefeMenuModel.swift */; };
		11D78556201CC4B50045C036 /* CovfefeDrink.swift in Sources */ = {isa = PBXBuildFile; fileRef = 11D78555201CC4B50045C036 /* CovfefeDrink.swift */; };
		11D78558201CC4C00045C036 /* CovfefeDessert.swift in Sources */ = {isa = PBXBuildFile; fileRef = 11D78557201CC4C00045C036 /* CovfefeDessert.swift */; };
		73803AD6AD181012AFD9D4B2 /* Pods_Covfefe.framework in Frameworks */ = {isa = PBXBuildFile; fileRef = 311881874A8FE2D7681C8EA0 /* Pods_Covfefe.framework */; };
		A9004E987A27CC44B93BC9A4 /* Pods_CovfefeTests.framework in Frameworks */ = {isa = PBXBuildFile; fileRef = 2C413711BD40BBFD7CD9945B /* Pods_CovfefeTests.framework */; };
/* End PBXBuildFile section */

/* Begin PBXContainerItemProxy section */
		1165427A2017D7E600EDE226 /* PBXContainerItemProxy */ = {
			isa = PBXContainerItemProxy;
			containerPortal = 1165425D2017D7E600EDE226 /* Project object */;
			proxyType = 1;
			remoteGlobalIDString = 116542642017D7E600EDE226;
			remoteInfo = Covfefe;
		};
/* End PBXContainerItemProxy section */

/* Begin PBXFileReference section */
		1119B75C201BD7550090E718 /* CoffeeListItem.swift */ = {isa = PBXFileReference; lastKnownFileType = sourcecode.swift; path = CoffeeListItem.swift; sourceTree = "<group>"; };
		116542652017D7E600EDE226 /* Covfefe.app */ = {isa = PBXFileReference; explicitFileType = wrapper.application; includeInIndex = 0; path = Covfefe.app; sourceTree = BUILT_PRODUCTS_DIR; };
		116542682017D7E600EDE226 /* AppDelegate.swift */ = {isa = PBXFileReference; lastKnownFileType = sourcecode.swift; path = AppDelegate.swift; sourceTree = "<group>"; };
		1165426D2017D7E600EDE226 /* Base */ = {isa = PBXFileReference; lastKnownFileType = file.storyboard; name = Base; path = Base.lproj/Main.storyboard; sourceTree = "<group>"; };
		1165426F2017D7E600EDE226 /* Assets.xcassets */ = {isa = PBXFileReference; lastKnownFileType = folder.assetcatalog; path = Assets.xcassets; sourceTree = "<group>"; };
		116542722017D7E600EDE226 /* Base */ = {isa = PBXFileReference; lastKnownFileType = file.storyboard; name = Base; path = Base.lproj/LaunchScreen.storyboard; sourceTree = "<group>"; };
		116542742017D7E600EDE226 /* Info.plist */ = {isa = PBXFileReference; lastKnownFileType = text.plist.xml; path = Info.plist; sourceTree = "<group>"; };
		116542792017D7E600EDE226 /* CovfefeTests.xctest */ = {isa = PBXFileReference; explicitFileType = wrapper.cfbundle; includeInIndex = 0; path = CovfefeTests.xctest; sourceTree = BUILT_PRODUCTS_DIR; };
		1165427D2017D7E600EDE226 /* CovfefeTests.swift */ = {isa = PBXFileReference; lastKnownFileType = sourcecode.swift; path = CovfefeTests.swift; sourceTree = "<group>"; };
		1165427F2017D7E600EDE226 /* Info.plist */ = {isa = PBXFileReference; lastKnownFileType = text.plist.xml; path = Info.plist; sourceTree = "<group>"; };
		11654288201BCFDE00EDE226 /* UIView+IBInspectable.swift */ = {isa = PBXFileReference; lastKnownFileType = sourcecode.swift; path = "UIView+IBInspectable.swift"; sourceTree = "<group>"; };
		11767A0A201DEAD8002D2031 /* CovfefeUser.swift */ = {isa = PBXFileReference; lastKnownFileType = sourcecode.swift; path = CovfefeUser.swift; sourceTree = "<group>"; };
		11767A0C201DF70E002D2031 /* DatabasePopulator.swift */ = {isa = PBXFileReference; lastKnownFileType = sourcecode.swift; path = DatabasePopulator.swift; sourceTree = "<group>"; };
		11767A0E201DFCAF002D2031 /* CovfefeAuthViewController.swift */ = {isa = PBXFileReference; lastKnownFileType = sourcecode.swift; path = CovfefeAuthViewController.swift; sourceTree = "<group>"; };
		11767A10201DFF4C002D2031 /* CovfefeAuthViewModel.swift */ = {isa = PBXFileReference; lastKnownFileType = sourcecode.swift; path = CovfefeAuthViewModel.swift; sourceTree = "<group>"; };
		11767A13201E0CE3002D2031 /* CovfefeAuthService.swift */ = {isa = PBXFileReference; lastKnownFileType = sourcecode.swift; path = CovfefeAuthService.swift; sourceTree = "<group>"; };
		11767A15201E0F4E002D2031 /* CovfefeUserAuthService.swift */ = {isa = PBXFileReference; lastKnownFileType = sourcecode.swift; path = CovfefeUserAuthService.swift; sourceTree = "<group>"; };
		11767A17201E0FB8002D2031 /* String+MD5.swift */ = {isa = PBXFileReference; lastKnownFileType = sourcecode.swift; path = "String+MD5.swift"; sourceTree = "<group>"; };
		11767A19201E1067002D2031 /* Covfefe-Bridging-Header.h */ = {isa = PBXFileReference; lastKnownFileType = sourcecode.c.h; path = "Covfefe-Bridging-Header.h"; sourceTree = "<group>"; };
		11767A1D201E141F002D2031 /* CovfefeAdminAuthService.swift */ = {isa = PBXFileReference; lastKnownFileType = sourcecode.swift; path = CovfefeAdminAuthService.swift; sourceTree = "<group>"; };
		11D7854D201C9CAE0045C036 /* CovfefeMenuViewController.swift */ = {isa = PBXFileReference; lastKnownFileType = sourcecode.swift; path = CovfefeMenuViewController.swift; sourceTree = "<group>"; };
		11D7854F201C9EE60045C036 /* CovfefeMenuItemCell.swift */ = {isa = PBXFileReference; lastKnownFileType = sourcecode.swift; path = CovfefeMenuItemCell.swift; sourceTree = "<group>"; };
		11D78551201CA0B20045C036 /* CovfefeMenuItemsCategoryControlCell.swift */ = {isa = PBXFileReference; lastKnownFileType = sourcecode.swift; path = CovfefeMenuItemsCategoryControlCell.swift; sourceTree = "<group>"; };
		11D78553201CB83E0045C036 /* CovfefeMenuModel.swift */ = {isa = PBXFileReference; lastKnownFileType = sourcecode.swift; path = CovfefeMenuModel.swift; sourceTree = "<group>"; };
		11D78555201CC4B50045C036 /* CovfefeDrink.swift */ = {isa = PBXFileReference; lastKnownFileType = sourcecode.swift; path = CovfefeDrink.swift; sourceTree = "<group>"; };
		11D78557201CC4C00045C036 /* CovfefeDessert.swift */ = {isa = PBXFileReference; lastKnownFileType = sourcecode.swift; path = CovfefeDessert.swift; sourceTree = "<group>"; };
		1CF999601405D280F5FF9A2E /* Pods-Covfefe.release.xcconfig */ = {isa = PBXFileReference; includeInIndex = 1; lastKnownFileType = text.xcconfig; name = "Pods-Covfefe.release.xcconfig"; path = "Pods/Target Support Files/Pods-Covfefe/Pods-Covfefe.release.xcconfig"; sourceTree = "<group>"; };
		1E5330B1C585C423BD1E8973 /* Pods-CovfefeTests.debug.xcconfig */ = {isa = PBXFileReference; includeInIndex = 1; lastKnownFileType = text.xcconfig; name = "Pods-CovfefeTests.debug.xcconfig"; path = "Pods/Target Support Files/Pods-CovfefeTests/Pods-CovfefeTests.debug.xcconfig"; sourceTree = "<group>"; };
		2C413711BD40BBFD7CD9945B /* Pods_CovfefeTests.framework */ = {isa = PBXFileReference; explicitFileType = wrapper.framework; includeInIndex = 0; path = Pods_CovfefeTests.framework; sourceTree = BUILT_PRODUCTS_DIR; };
		311881874A8FE2D7681C8EA0 /* Pods_Covfefe.framework */ = {isa = PBXFileReference; explicitFileType = wrapper.framework; includeInIndex = 0; path = Pods_Covfefe.framework; sourceTree = BUILT_PRODUCTS_DIR; };
		8B013AC18069E9E22D79F558 /* Pods-Covfefe.debug.xcconfig */ = {isa = PBXFileReference; includeInIndex = 1; lastKnownFileType = text.xcconfig; name = "Pods-Covfefe.debug.xcconfig"; path = "Pods/Target Support Files/Pods-Covfefe/Pods-Covfefe.debug.xcconfig"; sourceTree = "<group>"; };
		A72ECBC42ACD2B5DD3FCCD47 /* Pods-CovfefeTests.release.xcconfig */ = {isa = PBXFileReference; includeInIndex = 1; lastKnownFileType = text.xcconfig; name = "Pods-CovfefeTests.release.xcconfig"; path = "Pods/Target Support Files/Pods-CovfefeTests/Pods-CovfefeTests.release.xcconfig"; sourceTree = "<group>"; };
/* End PBXFileReference section */

/* Begin PBXFrameworksBuildPhase section */
		116542622017D7E600EDE226 /* Frameworks */ = {
			isa = PBXFrameworksBuildPhase;
			buildActionMask = 2147483647;
			files = (
				73803AD6AD181012AFD9D4B2 /* Pods_Covfefe.framework in Frameworks */,
			);
			runOnlyForDeploymentPostprocessing = 0;
		};
		116542762017D7E600EDE226 /* Frameworks */ = {
			isa = PBXFrameworksBuildPhase;
			buildActionMask = 2147483647;
			files = (
				A9004E987A27CC44B93BC9A4 /* Pods_CovfefeTests.framework in Frameworks */,
			);
			runOnlyForDeploymentPostprocessing = 0;
		};
/* End PBXFrameworksBuildPhase section */

/* Begin PBXGroup section */
		1165425C2017D7E600EDE226 = {
			isa = PBXGroup;
			children = (
				116542672017D7E600EDE226 /* Covfefe */,
				1165427C2017D7E600EDE226 /* CovfefeTests */,
				116542662017D7E600EDE226 /* Products */,
				A8521F125ECF7EEECE4C52C6 /* Pods */,
				6BE8605F79556E62E4503B58 /* Frameworks */,
			);
			sourceTree = "<group>";
		};
		116542662017D7E600EDE226 /* Products */ = {
			isa = PBXGroup;
			children = (
				116542652017D7E600EDE226 /* Covfefe.app */,
				116542792017D7E600EDE226 /* CovfefeTests.xctest */,
			);
			name = Products;
			sourceTree = "<group>";
		};
		116542672017D7E600EDE226 /* Covfefe */ = {
			isa = PBXGroup;
			children = (
				116542682017D7E600EDE226 /* AppDelegate.swift */,
				11654288201BCFDE00EDE226 /* UIView+IBInspectable.swift */,
				11767A17201E0FB8002D2031 /* String+MD5.swift */,
				11767A0C201DF70E002D2031 /* DatabasePopulator.swift */,
				11767A12201E056E002D2031 /* CovfefeAuth */,
				11D7855C201CEB330045C036 /* CovfefeMenu */,
				11D7855B201CCE090045C036 /* Entities */,
				1165426C2017D7E600EDE226 /* Main.storyboard */,
				1165426F2017D7E600EDE226 /* Assets.xcassets */,
				116542712017D7E600EDE226 /* LaunchScreen.storyboard */,
				116542742017D7E600EDE226 /* Info.plist */,
				11767A19201E1067002D2031 /* Covfefe-Bridging-Header.h */,
			);
			path = Covfefe;
			sourceTree = "<group>";
		};
		1165427C2017D7E600EDE226 /* CovfefeTests */ = {
			isa = PBXGroup;
			children = (
				1165427D2017D7E600EDE226 /* CovfefeTests.swift */,
				1165427F2017D7E600EDE226 /* Info.plist */,
			);
			path = CovfefeTests;
			sourceTree = "<group>";
		};
		11767A12201E056E002D2031 /* CovfefeAuth */ = {
			isa = PBXGroup;
			children = (
				11767A0E201DFCAF002D2031 /* CovfefeAuthViewController.swift */,
				11767A10201DFF4C002D2031 /* CovfefeAuthViewModel.swift */,
				11767A13201E0CE3002D2031 /* CovfefeAuthService.swift */,
				11767A15201E0F4E002D2031 /* CovfefeUserAuthService.swift */,
				11767A1D201E141F002D2031 /* CovfefeAdminAuthService.swift */,
			);
			path = CovfefeAuth;
			sourceTree = "<group>";
		};
		11D7855B201CCE090045C036 /* Entities */ = {
			isa = PBXGroup;
			children = (
				11767A0A201DEAD8002D2031 /* CovfefeUser.swift */,
				11D78555201CC4B50045C036 /* CovfefeDrink.swift */,
				11D78557201CC4C00045C036 /* CovfefeDessert.swift */,
			);
			path = Entities;
			sourceTree = "<group>";
		};
		11D7855C201CEB330045C036 /* CovfefeMenu */ = {
			isa = PBXGroup;
			children = (
				1119B75C201BD7550090E718 /* CoffeeListItem.swift */,
				11D7854F201C9EE60045C036 /* CovfefeMenuItemCell.swift */,
				11D78551201CA0B20045C036 /* CovfefeMenuItemsCategoryControlCell.swift */,
				11D7854D201C9CAE0045C036 /* CovfefeMenuViewController.swift */,
				11D78553201CB83E0045C036 /* CovfefeMenuModel.swift */,
			);
			path = CovfefeMenu;
			sourceTree = "<group>";
		};
		6BE8605F79556E62E4503B58 /* Frameworks */ = {
			isa = PBXGroup;
			children = (
				311881874A8FE2D7681C8EA0 /* Pods_Covfefe.framework */,
				2C413711BD40BBFD7CD9945B /* Pods_CovfefeTests.framework */,
			);
			name = Frameworks;
			sourceTree = "<group>";
		};
		A8521F125ECF7EEECE4C52C6 /* Pods */ = {
			isa = PBXGroup;
			children = (
				8B013AC18069E9E22D79F558 /* Pods-Covfefe.debug.xcconfig */,
				1CF999601405D280F5FF9A2E /* Pods-Covfefe.release.xcconfig */,
				1E5330B1C585C423BD1E8973 /* Pods-CovfefeTests.debug.xcconfig */,
				A72ECBC42ACD2B5DD3FCCD47 /* Pods-CovfefeTests.release.xcconfig */,
			);
			name = Pods;
			sourceTree = "<group>";
		};
/* End PBXGroup section */

/* Begin PBXNativeTarget section */
		116542642017D7E600EDE226 /* Covfefe */ = {
			isa = PBXNativeTarget;
			buildConfigurationList = 116542822017D7E600EDE226 /* Build configuration list for PBXNativeTarget "Covfefe" */;
			buildPhases = (
				3E0F2A99CAD0D9D23002A446 /* [CP] Check Pods Manifest.lock */,
				116542612017D7E600EDE226 /* Sources */,
				116542622017D7E600EDE226 /* Frameworks */,
				116542632017D7E600EDE226 /* Resources */,
				0BC770C359B17E37F05B2FF7 /* [CP] Embed Pods Frameworks */,
				1482D57B89D0E9F230B2EAAE /* [CP] Copy Pods Resources */,
			);
			buildRules = (
			);
			dependencies = (
			);
			name = Covfefe;
			productName = Covfefe;
			productReference = 116542652017D7E600EDE226 /* Covfefe.app */;
			productType = "com.apple.product-type.application";
		};
		116542782017D7E600EDE226 /* CovfefeTests */ = {
			isa = PBXNativeTarget;
			buildConfigurationList = 116542852017D7E600EDE226 /* Build configuration list for PBXNativeTarget "CovfefeTests" */;
			buildPhases = (
				BD24738545E21326053B47AE /* [CP] Check Pods Manifest.lock */,
				116542752017D7E600EDE226 /* Sources */,
				116542762017D7E600EDE226 /* Frameworks */,
				116542772017D7E600EDE226 /* Resources */,
				182B5479CC79DD38F4C46970 /* [CP] Embed Pods Frameworks */,
				760C968973FC4ACDBE0F7965 /* [CP] Copy Pods Resources */,
			);
			buildRules = (
			);
			dependencies = (
				1165427B2017D7E600EDE226 /* PBXTargetDependency */,
			);
			name = CovfefeTests;
			productName = CovfefeTests;
			productReference = 116542792017D7E600EDE226 /* CovfefeTests.xctest */;
			productType = "com.apple.product-type.bundle.unit-test";
		};
/* End PBXNativeTarget section */

/* Begin PBXProject section */
		1165425D2017D7E600EDE226 /* Project object */ = {
			isa = PBXProject;
			attributes = {
				LastSwiftUpdateCheck = 0920;
				LastUpgradeCheck = 0920;
				ORGANIZATIONNAME = "Nikita Makarov";
				TargetAttributes = {
					116542642017D7E600EDE226 = {
						CreatedOnToolsVersion = 9.2;
						LastSwiftMigration = 0920;
						ProvisioningStyle = Automatic;
					};
					116542782017D7E600EDE226 = {
						CreatedOnToolsVersion = 9.2;
						ProvisioningStyle = Automatic;
						TestTargetID = 116542642017D7E600EDE226;
					};
				};
			};
			buildConfigurationList = 116542602017D7E600EDE226 /* Build configuration list for PBXProject "Covfefe" */;
			compatibilityVersion = "Xcode 8.0";
			developmentRegion = en;
			hasScannedForEncodings = 0;
			knownRegions = (
				en,
				Base,
			);
			mainGroup = 1165425C2017D7E600EDE226;
			productRefGroup = 116542662017D7E600EDE226 /* Products */;
			projectDirPath = "";
			projectRoot = "";
			targets = (
				116542642017D7E600EDE226 /* Covfefe */,
				116542782017D7E600EDE226 /* CovfefeTests */,
			);
		};
/* End PBXProject section */

/* Begin PBXResourcesBuildPhase section */
		116542632017D7E600EDE226 /* Resources */ = {
			isa = PBXResourcesBuildPhase;
			buildActionMask = 2147483647;
			files = (
				116542732017D7E600EDE226 /* LaunchScreen.storyboard in Resources */,
				116542702017D7E600EDE226 /* Assets.xcassets in Resources */,
				1165426E2017D7E600EDE226 /* Main.storyboard in Resources */,
			);
			runOnlyForDeploymentPostprocessing = 0;
		};
		116542772017D7E600EDE226 /* Resources */ = {
			isa = PBXResourcesBuildPhase;
			buildActionMask = 2147483647;
			files = (
			);
			runOnlyForDeploymentPostprocessing = 0;
		};
/* End PBXResourcesBuildPhase section */

/* Begin PBXShellScriptBuildPhase section */
		0BC770C359B17E37F05B2FF7 /* [CP] Embed Pods Frameworks */ = {
			isa = PBXShellScriptBuildPhase;
			buildActionMask = 2147483647;
			files = (
			);
			inputPaths = (
			);
			name = "[CP] Embed Pods Frameworks";
			outputPaths = (
			);
			runOnlyForDeploymentPostprocessing = 0;
			shellPath = /bin/sh;
			shellScript = "\"${SRCROOT}/Pods/Target Support Files/Pods-Covfefe/Pods-Covfefe-frameworks.sh\"\n";
			showEnvVarsInLog = 0;
		};
		1482D57B89D0E9F230B2EAAE /* [CP] Copy Pods Resources */ = {
			isa = PBXShellScriptBuildPhase;
			buildActionMask = 2147483647;
			files = (
			);
			inputPaths = (
			);
			name = "[CP] Copy Pods Resources";
			outputPaths = (
			);
			runOnlyForDeploymentPostprocessing = 0;
			shellPath = /bin/sh;
			shellScript = "\"${SRCROOT}/Pods/Target Support Files/Pods-Covfefe/Pods-Covfefe-resources.sh\"\n";
			showEnvVarsInLog = 0;
		};
		182B5479CC79DD38F4C46970 /* [CP] Embed Pods Frameworks */ = {
			isa = PBXShellScriptBuildPhase;
			buildActionMask = 2147483647;
			files = (
			);
			inputPaths = (
			);
			name = "[CP] Embed Pods Frameworks";
			outputPaths = (
			);
			runOnlyForDeploymentPostprocessing = 0;
			shellPath = /bin/sh;
			shellScript = "\"${SRCROOT}/Pods/Target Support Files/Pods-CovfefeTests/Pods-CovfefeTests-frameworks.sh\"\n";
			showEnvVarsInLog = 0;
		};
		3E0F2A99CAD0D9D23002A446 /* [CP] Check Pods Manifest.lock */ = {
			isa = PBXShellScriptBuildPhase;
			buildActionMask = 2147483647;
			files = (
			);
			inputPaths = (
			);
			name = "[CP] Check Pods Manifest.lock";
			outputPaths = (
			);
			runOnlyForDeploymentPostprocessing = 0;
			shellPath = /bin/sh;
			shellScript = "diff \"${PODS_ROOT}/../Podfile.lock\" \"${PODS_ROOT}/Manifest.lock\" > /dev/null\nif [ $? != 0 ] ; then\n    # print error to STDERR\n    echo \"error: The sandbox is not in sync with the Podfile.lock. Run 'pod install' or update your CocoaPods installation.\" >&2\n    exit 1\nfi\n";
			showEnvVarsInLog = 0;
		};
		760C968973FC4ACDBE0F7965 /* [CP] Copy Pods Resources */ = {
			isa = PBXShellScriptBuildPhase;
			buildActionMask = 2147483647;
			files = (
			);
			inputPaths = (
			);
			name = "[CP] Copy Pods Resources";
			outputPaths = (
			);
			runOnlyForDeploymentPostprocessing = 0;
			shellPath = /bin/sh;
			shellScript = "\"${SRCROOT}/Pods/Target Support Files/Pods-CovfefeTests/Pods-CovfefeTests-resources.sh\"\n";
			showEnvVarsInLog = 0;
		};
		BD24738545E21326053B47AE /* [CP] Check Pods Manifest.lock */ = {
			isa = PBXShellScriptBuildPhase;
			buildActionMask = 2147483647;
			files = (
			);
			inputPaths = (
			);
			name = "[CP] Check Pods Manifest.lock";
			outputPaths = (
			);
			runOnlyForDeploymentPostprocessing = 0;
			shellPath = /bin/sh;
			shellScript = "diff \"${PODS_ROOT}/../Podfile.lock\" \"${PODS_ROOT}/Manifest.lock\" > /dev/null\nif [ $? != 0 ] ; then\n    # print error to STDERR\n    echo \"error: The sandbox is not in sync with the Podfile.lock. Run 'pod install' or update your CocoaPods installation.\" >&2\n    exit 1\nfi\n";
			showEnvVarsInLog = 0;
		};
/* End PBXShellScriptBuildPhase section */

/* Begin PBXSourcesBuildPhase section */
		116542612017D7E600EDE226 /* Sources */ = {
			isa = PBXSourcesBuildPhase;
			buildActionMask = 2147483647;
			files = (
				11D78552201CA0B20045C036 /* CovfefeMenuItemsCategoryControlCell.swift in Sources */,
				11767A1E201E141F002D2031 /* CovfefeAdminAuthService.swift in Sources */,
				11D7854E201C9CAE0045C036 /* CovfefeMenuViewController.swift in Sources */,
				11D78554201CB83E0045C036 /* CovfefeMenuModel.swift in Sources */,
				11767A18201E0FB8002D2031 /* String+MD5.swift in Sources */,
				11D78556201CC4B50045C036 /* CovfefeDrink.swift in Sources */,
				11654289201BCFDE00EDE226 /* UIView+IBInspectable.swift in Sources */,
				11767A0B201DEAD8002D2031 /* CovfefeUser.swift in Sources */,
				11767A14201E0CE3002D2031 /* CovfefeAuthService.swift in Sources */,
				11767A0D201DF70F002D2031 /* DatabasePopulator.swift in Sources */,
				116542692017D7E600EDE226 /* AppDelegate.swift in Sources */,
				11767A16201E0F4E002D2031 /* CovfefeUserAuthService.swift in Sources */,
				11767A11201DFF4C002D2031 /* CovfefeAuthViewModel.swift in Sources */,
				11D78558201CC4C00045C036 /* CovfefeDessert.swift in Sources */,
				11767A0F201DFCAF002D2031 /* CovfefeAuthViewController.swift in Sources */,
				1119B75D201BD7550090E718 /* CoffeeListItem.swift in Sources */,
				11D78550201C9EE60045C036 /* CovfefeMenuItemCell.swift in Sources */,
			);
			runOnlyForDeploymentPostprocessing = 0;
		};
		116542752017D7E600EDE226 /* Sources */ = {
			isa = PBXSourcesBuildPhase;
			buildActionMask = 2147483647;
			files = (
				1165427E2017D7E600EDE226 /* CovfefeTests.swift in Sources */,
			);
			runOnlyForDeploymentPostprocessing = 0;
		};
/* End PBXSourcesBuildPhase section */

/* Begin PBXTargetDependency section */
		1165427B2017D7E600EDE226 /* PBXTargetDependency */ = {
			isa = PBXTargetDependency;
			target = 116542642017D7E600EDE226 /* Covfefe */;
			targetProxy = 1165427A2017D7E600EDE226 /* PBXContainerItemProxy */;
		};
/* End PBXTargetDependency section */

/* Begin PBXVariantGroup section */
		1165426C2017D7E600EDE226 /* Main.storyboard */ = {
			isa = PBXVariantGroup;
			children = (
				1165426D2017D7E600EDE226 /* Base */,
			);
			name = Main.storyboard;
			sourceTree = "<group>";
		};
		116542712017D7E600EDE226 /* LaunchScreen.storyboard */ = {
			isa = PBXVariantGroup;
			children = (
				116542722017D7E600EDE226 /* Base */,
			);
			name = LaunchScreen.storyboard;
			sourceTree = "<group>";
		};
/* End PBXVariantGroup section */

/* Begin XCBuildConfiguration section */
		116542802017D7E600EDE226 /* Debug */ = {
			isa = XCBuildConfiguration;
			buildSettings = {
				ALWAYS_SEARCH_USER_PATHS = NO;
				CLANG_ANALYZER_NONNULL = YES;
				CLANG_ANALYZER_NUMBER_OBJECT_CONVERSION = YES_AGGRESSIVE;
				CLANG_CXX_LANGUAGE_STANDARD = "gnu++14";
				CLANG_CXX_LIBRARY = "libc++";
				CLANG_ENABLE_MODULES = YES;
				CLANG_ENABLE_OBJC_ARC = YES;
				CLANG_WARN_BLOCK_CAPTURE_AUTORELEASING = YES;
				CLANG_WARN_BOOL_CONVERSION = YES;
				CLANG_WARN_COMMA = YES;
				CLANG_WARN_CONSTANT_CONVERSION = YES;
				CLANG_WARN_DIRECT_OBJC_ISA_USAGE = YES_ERROR;
				CLANG_WARN_DOCUMENTATION_COMMENTS = YES;
				CLANG_WARN_EMPTY_BODY = YES;
				CLANG_WARN_ENUM_CONVERSION = YES;
				CLANG_WARN_INFINITE_RECURSION = YES;
				CLANG_WARN_INT_CONVERSION = YES;
				CLANG_WARN_NON_LITERAL_NULL_CONVERSION = YES;
				CLANG_WARN_OBJC_LITERAL_CONVERSION = YES;
				CLANG_WARN_OBJC_ROOT_CLASS = YES_ERROR;
				CLANG_WARN_RANGE_LOOP_ANALYSIS = YES;
				CLANG_WARN_STRICT_PROTOTYPES = YES;
				CLANG_WARN_SUSPICIOUS_MOVE = YES;
				CLANG_WARN_UNGUARDED_AVAILABILITY = YES_AGGRESSIVE;
				CLANG_WARN_UNREACHABLE_CODE = YES;
				CLANG_WARN__DUPLICATE_METHOD_MATCH = YES;
				CODE_SIGN_IDENTITY = "iPhone Developer";
				COPY_PHASE_STRIP = NO;
				DEBUG_INFORMATION_FORMAT = dwarf;
				ENABLE_STRICT_OBJC_MSGSEND = YES;
				ENABLE_TESTABILITY = YES;
				GCC_C_LANGUAGE_STANDARD = gnu11;
				GCC_DYNAMIC_NO_PIC = NO;
				GCC_NO_COMMON_BLOCKS = YES;
				GCC_OPTIMIZATION_LEVEL = 0;
				GCC_PREPROCESSOR_DEFINITIONS = (
					"DEBUG=1",
					"$(inherited)",
				);
				GCC_WARN_64_TO_32_BIT_CONVERSION = YES;
				GCC_WARN_ABOUT_RETURN_TYPE = YES_ERROR;
				GCC_WARN_UNDECLARED_SELECTOR = YES;
				GCC_WARN_UNINITIALIZED_AUTOS = YES_AGGRESSIVE;
				GCC_WARN_UNUSED_FUNCTION = YES;
				GCC_WARN_UNUSED_VARIABLE = YES;
				IPHONEOS_DEPLOYMENT_TARGET = 11.2;
				MTL_ENABLE_DEBUG_INFO = YES;
				ONLY_ACTIVE_ARCH = YES;
				SDKROOT = iphoneos;
				SWIFT_ACTIVE_COMPILATION_CONDITIONS = DEBUG;
				SWIFT_OPTIMIZATION_LEVEL = "-Onone";
			};
			name = Debug;
		};
		116542812017D7E600EDE226 /* Release */ = {
			isa = XCBuildConfiguration;
			buildSettings = {
				ALWAYS_SEARCH_USER_PATHS = NO;
				CLANG_ANALYZER_NONNULL = YES;
				CLANG_ANALYZER_NUMBER_OBJECT_CONVERSION = YES_AGGRESSIVE;
				CLANG_CXX_LANGUAGE_STANDARD = "gnu++14";
				CLANG_CXX_LIBRARY = "libc++";
				CLANG_ENABLE_MODULES = YES;
				CLANG_ENABLE_OBJC_ARC = YES;
				CLANG_WARN_BLOCK_CAPTURE_AUTORELEASING = YES;
				CLANG_WARN_BOOL_CONVERSION = YES;
				CLANG_WARN_COMMA = YES;
				CLANG_WARN_CONSTANT_CONVERSION = YES;
				CLANG_WARN_DIRECT_OBJC_ISA_USAGE = YES_ERROR;
				CLANG_WARN_DOCUMENTATION_COMMENTS = YES;
				CLANG_WARN_EMPTY_BODY = YES;
				CLANG_WARN_ENUM_CONVERSION = YES;
				CLANG_WARN_INFINITE_RECURSION = YES;
				CLANG_WARN_INT_CONVERSION = YES;
				CLANG_WARN_NON_LITERAL_NULL_CONVERSION = YES;
				CLANG_WARN_OBJC_LITERAL_CONVERSION = YES;
				CLANG_WARN_OBJC_ROOT_CLASS = YES_ERROR;
				CLANG_WARN_RANGE_LOOP_ANALYSIS = YES;
				CLANG_WARN_STRICT_PROTOTYPES = YES;
				CLANG_WARN_SUSPICIOUS_MOVE = YES;
				CLANG_WARN_UNGUARDED_AVAILABILITY = YES_AGGRESSIVE;
				CLANG_WARN_UNREACHABLE_CODE = YES;
				CLANG_WARN__DUPLICATE_METHOD_MATCH = YES;
				CODE_SIGN_IDENTITY = "iPhone Developer";
				COPY_PHASE_STRIP = NO;
				DEBUG_INFORMATION_FORMAT = "dwarf-with-dsym";
				ENABLE_NS_ASSERTIONS = NO;
				ENABLE_STRICT_OBJC_MSGSEND = YES;
				GCC_C_LANGUAGE_STANDARD = gnu11;
				GCC_NO_COMMON_BLOCKS = YES;
				GCC_WARN_64_TO_32_BIT_CONVERSION = YES;
				GCC_WARN_ABOUT_RETURN_TYPE = YES_ERROR;
				GCC_WARN_UNDECLARED_SELECTOR = YES;
				GCC_WARN_UNINITIALIZED_AUTOS = YES_AGGRESSIVE;
				GCC_WARN_UNUSED_FUNCTION = YES;
				GCC_WARN_UNUSED_VARIABLE = YES;
				IPHONEOS_DEPLOYMENT_TARGET = 11.2;
				MTL_ENABLE_DEBUG_INFO = NO;
				SDKROOT = iphoneos;
				SWIFT_OPTIMIZATION_LEVEL = "-Owholemodule";
				VALIDATE_PRODUCT = YES;
			};
			name = Release;
		};
		116542832017D7E600EDE226 /* Debug */ = {
			isa = XCBuildConfiguration;
			baseConfigurationReference = 8B013AC18069E9E22D79F558 /* Pods-Covfefe.debug.xcconfig */;
			buildSettings = {
				ASSETCATALOG_COMPILER_APPICON_NAME = AppIcon;
				CLANG_ENABLE_MODULES = YES;
				CODE_SIGN_STYLE = Automatic;
				DEVELOPMENT_TEAM = 898JLBNU25;
				INFOPLIST_FILE = Covfefe/Info.plist;
				LD_RUNPATH_SEARCH_PATHS = "$(inherited) @executable_path/Frameworks";
				PRODUCT_BUNDLE_IDENTIFIER = com.nikitamakarov.Covfefe;
				PRODUCT_NAME = "$(TARGET_NAME)";
				SWIFT_OBJC_BRIDGING_HEADER = "Covfefe/Covfefe-Bridging-Header.h";
				SWIFT_OPTIMIZATION_LEVEL = "-Onone";
				SWIFT_VERSION = 4.0;
				TARGETED_DEVICE_FAMILY = "1,2";
			};
			name = Debug;
		};
		116542842017D7E600EDE226 /* Release */ = {
			isa = XCBuildConfiguration;
			baseConfigurationReference = 1CF999601405D280F5FF9A2E /* Pods-Covfefe.release.xcconfig */;
			buildSettings = {
				ASSETCATALOG_COMPILER_APPICON_NAME = AppIcon;
				CLANG_ENABLE_MODULES = YES;
				CODE_SIGN_STYLE = Automatic;
				DEVELOPMENT_TEAM = 898JLBNU25;
				INFOPLIST_FILE = Covfefe/Info.plist;
				LD_RUNPATH_SEARCH_PATHS = "$(inherited) @executable_path/Frameworks";
				PRODUCT_BUNDLE_IDENTIFIER = com.nikitamakarov.Covfefe;
				PRODUCT_NAME = "$(TARGET_NAME)";
				SWIFT_OBJC_BRIDGING_HEADER = "Covfefe/Covfefe-Bridging-Header.h";
				SWIFT_VERSION = 4.0;
				TARGETED_DEVICE_FAMILY = "1,2";
			};
			name = Release;
		};
		116542862017D7E600EDE226 /* Debug */ = {
			isa = XCBuildConfiguration;
			baseConfigurationReference = 1E5330B1C585C423BD1E8973 /* Pods-CovfefeTests.debug.xcconfig */;
			buildSettings = {
				ALWAYS_EMBED_SWIFT_STANDARD_LIBRARIES = YES;
				BUNDLE_LOADER = "$(TEST_HOST)";
				CODE_SIGN_STYLE = Automatic;
				DEVELOPMENT_TEAM = 898JLBNU25;
				INFOPLIST_FILE = CovfefeTests/Info.plist;
				LD_RUNPATH_SEARCH_PATHS = "$(inherited) @executable_path/Frameworks @loader_path/Frameworks";
				PRODUCT_BUNDLE_IDENTIFIER = com.nikitamakarov.CovfefeTests;
				PRODUCT_NAME = "$(TARGET_NAME)";
				SWIFT_VERSION = 4.0;
				TARGETED_DEVICE_FAMILY = "1,2";
				TEST_HOST = "$(BUILT_PRODUCTS_DIR)/Covfefe.app/Covfefe";
			};
			name = Debug;
		};
		116542872017D7E600EDE226 /* Release */ = {
			isa = XCBuildConfiguration;
			baseConfigurationReference = A72ECBC42ACD2B5DD3FCCD47 /* Pods-CovfefeTests.release.xcconfig */;
			buildSettings = {
				ALWAYS_EMBED_SWIFT_STANDARD_LIBRARIES = YES;
				BUNDLE_LOADER = "$(TEST_HOST)";
				CODE_SIGN_STYLE = Automatic;
				DEVELOPMENT_TEAM = 898JLBNU25;
				INFOPLIST_FILE = CovfefeTests/Info.plist;
				LD_RUNPATH_SEARCH_PATHS = "$(inherited) @executable_path/Frameworks @loader_path/Frameworks";
				PRODUCT_BUNDLE_IDENTIFIER = com.nikitamakarov.CovfefeTests;
				PRODUCT_NAME = "$(TARGET_NAME)";
				SWIFT_VERSION = 4.0;
				TARGETED_DEVICE_FAMILY = "1,2";
				TEST_HOST = "$(BUILT_PRODUCTS_DIR)/Covfefe.app/Covfefe";
			};
			name = Release;
		};
/* End XCBuildConfiguration section */

/* Begin XCConfigurationList section */
		116542602017D7E600EDE226 /* Build configuration list for PBXProject "Covfefe" */ = {
			isa = XCConfigurationList;
			buildConfigurations = (
				116542802017D7E600EDE226 /* Debug */,
				116542812017D7E600EDE226 /* Release */,
			);
			defaultConfigurationIsVisible = 0;
			defaultConfigurationName = Release;
		};
		116542822017D7E600EDE226 /* Build configuration list for PBXNativeTarget "Covfefe" */ = {
			isa = XCConfigurationList;
			buildConfigurations = (
				116542832017D7E600EDE226 /* Debug */,
				116542842017D7E600EDE226 /* Release */,
			);
			defaultConfigurationIsVisible = 0;
			defaultConfigurationName = Release;
		};
		116542852017D7E600EDE226 /* Build configuration list for PBXNativeTarget "CovfefeTests" */ = {
			isa = XCConfigurationList;
			buildConfigurations = (
				116542862017D7E600EDE226 /* Debug */,
				116542872017D7E600EDE226 /* Release */,
			);
			defaultConfigurationIsVisible = 0;
			defaultConfigurationName = Release;
		};
/* End XCConfigurationList section */
	};
	rootObject = 1165425D2017D7E600EDE226 /* Project object */;
}
